
Microsoft Visual Studio Solution File, Format Version 12.00
# Visual Studio Version 17
VisualStudioVersion = 17.5.33627.172
MinimumVisualStudioVersion = 10.0.40219.1
Project("{FAE04EC0-301F-11D3-BF4B-00C04F79EFBC}") = "Parcial#1", "Parcial#1\Parcial#1.csproj", "{80B28A6D-80B8-411E-8591-EF35E2E1D899}"
EndProject
Global
	GlobalSection(SolutionConfigurationPlatforms) = preSolution
		Debug|Any CPU = Debug|Any CPU
		Release|Any CPU = Release|Any CPU
	EndGlobalSection
	GlobalSection(ProjectConfigurationPlatforms) = postSolution
		{80B28A6D-80B8-411E-8591-EF35E2E1D899}.Debug|Any CPU.ActiveCfg = Debug|Any CPU
		{80B28A6D-80B8-411E-8591-EF35E2E1D899}.Debug|Any CPU.Build.0 = Debug|Any CPU
		{80B28A6D-80B8-411E-8591-EF35E2E1D899}.Release|Any CPU.ActiveCfg = Release|Any CPU
		{80B28A6D-80B8-411E-8591-EF35E2E1D899}.Release|Any CPU.Build.0 = Release|Any CPU
	EndGlobalSection
	GlobalSection(SolutionProperties) = preSolution
		HideSolutionNode = FALSE
	EndGlobalSection
	GlobalSection(ExtensibilityGlobals) = postSolution
		SolutionGuid = {17C6075F-AA15-4735-8D30-F2AC38060FD5}
	EndGlobalSection
EndGlobal
